{
  "requires": true,
  "lockfileVersion": 1,
  "dependencies": {
    "shutdownpc": {
      "version": "1.0.1",
      "resolved": "https://registry.npmjs.org/shutdownpc/-/shutdownpc-1.0.1.tgz",
      "integrity": "sha512-yn87tNjL405bbP98tNpMi/LfqLgfeqllSzCa4GPMQJkMvlT69So8om4e3MkfkbBvlthQIBaLAW7XbX/kX3su4A=="
    }
  }
}
